
Microsoft Visual Studio Solution File, Format Version 12.00
# Visual Studio Version 17
VisualStudioVersion = 17.4.33403.182
MinimumVisualStudioVersion = 10.0.40219.1
Project("{8BC9CEB8-8B4A-11D0-8D11-00A0C91BC942}") = "Laba11(STEKI)", "Laba11(STEKI)\Laba11(STEKI).vcxproj", "{A5E1DE77-D20A-467E-9DF0-4E6317DD0CD5}"
EndProject
Global
	GlobalSection(SolutionConfigurationPlatforms) = preSolution
		Debug|x64 = Debug|x64
		Debug|x86 = Debug|x86
		Release|x64 = Release|x64
		Release|x86 = Release|x86
	EndGlobalSection
	GlobalSection(ProjectConfigurationPlatforms) = postSolution
		{A5E1DE77-D20A-467E-9DF0-4E6317DD0CD5}.Debug|x64.ActiveCfg = Debug|x64
		{A5E1DE77-D20A-467E-9DF0-4E6317DD0CD5}.Debug|x64.Build.0 = Debug|x64
		{A5E1DE77-D20A-467E-9DF0-4E6317DD0CD5}.Debug|x86.ActiveCfg = Debug|Win32
		{A5E1DE77-D20A-467E-9DF0-4E6317DD0CD5}.Debug|x86.Build.0 = Debug|Win32
		{A5E1DE77-D20A-467E-9DF0-4E6317DD0CD5}.Release|x64.ActiveCfg = Release|x64
		{A5E1DE77-D20A-467E-9DF0-4E6317DD0CD5}.Release|x64.Build.0 = Release|x64
		{A5E1DE77-D20A-467E-9DF0-4E6317DD0CD5}.Release|x86.ActiveCfg = Release|Win32
		{A5E1DE77-D20A-467E-9DF0-4E6317DD0CD5}.Release|x86.Build.0 = Release|Win32
	EndGlobalSection
	GlobalSection(SolutionProperties) = preSolution
		HideSolutionNode = FALSE
	EndGlobalSection
	GlobalSection(ExtensibilityGlobals) = postSolution
		SolutionGuid = {D1A62247-FF37-46CF-950F-D5FC34EA42DE}
	EndGlobalSection
EndGlobal
